
Microsoft Visual Studio Solution File, Format Version 12.00
# Visual Studio Version 16
VisualStudioVersion = 16.0.30011.22
MinimumVisualStudioVersion = 10.0.40219.1
Project("{888888A0-9F3D-457C-B088-3A5042F75D52}") = "DjangoWebProject1", "DjangoWebProject1\DjangoWebProject1.pyproj", "{A929BC2E-4564-40A5-90ED-6BA38687AE84}"
EndProject
Global
	GlobalSection(SolutionConfigurationPlatforms) = preSolution
		Debug|Any CPU = Debug|Any CPU
		Release|Any CPU = Release|Any CPU
	EndGlobalSection
	GlobalSection(ProjectConfigurationPlatforms) = postSolution
		{A929BC2E-4564-40A5-90ED-6BA38687AE84}.Debug|Any CPU.ActiveCfg = Debug|Any CPU
		{A929BC2E-4564-40A5-90ED-6BA38687AE84}.Debug|Any CPU.Build.0 = Debug|Any CPU
		{A929BC2E-4564-40A5-90ED-6BA38687AE84}.Release|Any CPU.ActiveCfg = Release|Any CPU
		{A929BC2E-4564-40A5-90ED-6BA38687AE84}.Release|Any CPU.Build.0 = Release|Any CPU
	EndGlobalSection
	GlobalSection(SolutionProperties) = preSolution
		HideSolutionNode = FALSE
	EndGlobalSection
	GlobalSection(ExtensibilityGlobals) = postSolution
		SolutionGuid = {84635EE8-CF1D-4EAC-B4DD-93BA37756A01}
	EndGlobalSection
EndGlobal
